
Microsoft Visual Studio Solution File, Format Version 12.00
# Visual Studio Version 17
VisualStudioVersion = 17.13.35825.156 d17.13
MinimumVisualStudioVersion = 10.0.40219.1
Project("{FAE04EC0-301F-11D3-BF4B-00C04F79EFBC}") = "OOPCourseWorkZimin23VP1", "OOPCourseProjectWork23VP1\OOPCourseWorkZimin23VP1.csproj", "{F54B65C0-C160-47BA-A4E8-57352EE6302B}"
EndProject
Global
	GlobalSection(SolutionConfigurationPlatforms) = preSolution
		Debug|Any CPU = Debug|Any CPU
		Release|Any CPU = Release|Any CPU
	EndGlobalSection
	GlobalSection(ProjectConfigurationPlatforms) = postSolution
		{F54B65C0-C160-47BA-A4E8-57352EE6302B}.Debug|Any CPU.ActiveCfg = Debug|Any CPU
		{F54B65C0-C160-47BA-A4E8-57352EE6302B}.Debug|Any CPU.Build.0 = Debug|Any CPU
		{F54B65C0-C160-47BA-A4E8-57352EE6302B}.Release|Any CPU.ActiveCfg = Release|Any CPU
		{F54B65C0-C160-47BA-A4E8-57352EE6302B}.Release|Any CPU.Build.0 = Release|Any CPU
	EndGlobalSection
	GlobalSection(SolutionProperties) = preSolution
		HideSolutionNode = FALSE
	EndGlobalSection
	GlobalSection(ExtensibilityGlobals) = postSolution
		SolutionGuid = {F9723304-E0A5-48A8-B104-0C43DF7C36BC}
	EndGlobalSection
EndGlobal
